
Microsoft Visual Studio Solution File, Format Version 12.00
# Visual Studio Version 17
VisualStudioVersion = 17.8.34525.116
MinimumVisualStudioVersion = 10.0.40219.1
Project("{FAE04EC0-301F-11D3-BF4B-00C04F79EFBC}") = "Calculadora", "Calculadora\Calculadora.csproj", "{568E4A72-0F84-45C3-ADA7-38D7B4CEF18E}"
EndProject
Global
	GlobalSection(SolutionConfigurationPlatforms) = preSolution
		Debug|Any CPU = Debug|Any CPU
		Release|Any CPU = Release|Any CPU
	EndGlobalSection
	GlobalSection(ProjectConfigurationPlatforms) = postSolution
		{568E4A72-0F84-45C3-ADA7-38D7B4CEF18E}.Debug|Any CPU.ActiveCfg = Debug|Any CPU
		{568E4A72-0F84-45C3-ADA7-38D7B4CEF18E}.Debug|Any CPU.Build.0 = Debug|Any CPU
		{568E4A72-0F84-45C3-ADA7-38D7B4CEF18E}.Release|Any CPU.ActiveCfg = Release|Any CPU
		{568E4A72-0F84-45C3-ADA7-38D7B4CEF18E}.Release|Any CPU.Build.0 = Release|Any CPU
	EndGlobalSection
	GlobalSection(SolutionProperties) = preSolution
		HideSolutionNode = FALSE
	EndGlobalSection
	GlobalSection(ExtensibilityGlobals) = postSolution
		SolutionGuid = {E3C54D3B-938A-43D2-9D4C-F2343A9775A2}
	EndGlobalSection
EndGlobal
